
Microsoft Visual Studio Solution File, Format Version 12.00
# Visual Studio Version 17
VisualStudioVersion = 17.4.33213.308
MinimumVisualStudioVersion = 10.0.40219.1
Project("{9A19103F-16F7-4668-BE54-9A1E7A4F7556}") = "Dfe.PlanTech.Web", "src\Dfe.PlanTech.Web\Dfe.PlanTech.Web.csproj", "{8F225B88-DF70-4F37-9D2F-1A129A8308B8}"
EndProject
Project("{2150E333-8FDC-42A3-9474-1A3956D46DE8}") = "src", "src", "{20FD2D0C-81CA-4337-B00D-9CB0BB36FE46}"
EndProject
Project("{9A19103F-16F7-4668-BE54-9A1E7A4F7556}") = "Dfe.PlanTech.Infrastructure.Contentful", "src\Dfe.PlanTech.Infrastructure.Contentful\Dfe.PlanTech.Infrastructure.Contentful.csproj", "{F4755013-090F-4B63-B304-07F52EE96312}"
EndProject
Project("{9A19103F-16F7-4668-BE54-9A1E7A4F7556}") = "Dfe.PlanTech.Domain", "src\Dfe.PlanTech.Domain\Dfe.PlanTech.Domain.csproj", "{DC6DE60C-2094-4A40-B62C-EC74BF27BDF1}"
EndProject
Project("{9A19103F-16F7-4668-BE54-9A1E7A4F7556}") = "Dfe.PlanTech.Application", "src\Dfe.PlanTech.Application\Dfe.PlanTech.Application.csproj", "{875D2F0D-9DC8-434E-A4C8-FEDF0655EEA6}"
EndProject
Project("{2150E333-8FDC-42A3-9474-1A3956D46DE8}") = "tests", "tests", "{33DA2E55-0921-4BEA-A7F4-96CC77F09928}"
EndProject
Project("{9A19103F-16F7-4668-BE54-9A1E7A4F7556}") = "Dfe.PlanTech.Infrastructure.Contentful.UnitTests", "tests\Dfe.PlanTech.Infrastructure.Contentful.UnitTests\Dfe.PlanTech.Infrastructure.Contentful.UnitTests.csproj", "{88CB59E5-2DF4-40E6-BB64-27467CCEA9E0}"
EndProject
Project("{9A19103F-16F7-4668-BE54-9A1E7A4F7556}") = "Dfe.PlanTech.Application.UnitTests", "tests\Dfe.PlanTech.Application.UnitTests\Dfe.PlanTech.Application.UnitTests.csproj", "{26970D1F-CD18-4CE7-9F9A-76930B336202}"
EndProject
Project("{9A19103F-16F7-4668-BE54-9A1E7A4F7556}") = "Dfe.PlanTech.Web.UnitTests", "tests\Dfe.PlanTech.Web.UnitTests\Dfe.PlanTech.Web.UnitTests.csproj", "{E8C0EF01-5716-410C-A90D-DD5E4DCCDC3C}"
EndProject
Project("{9A19103F-16F7-4668-BE54-9A1E7A4F7556}") = "Dfe.PlanTech.Infrastructure.SignIn", "src\Dfe.PlanTech.Infrastructure.SignIn\Dfe.PlanTech.Infrastructure.SignIn.csproj", "{20203658-B19C-4640-B2FA-68826D040D28}"
EndProject
Project("{9A19103F-16F7-4668-BE54-9A1E7A4F7556}") = "Dfe.PlanTech.Infrastructure.SignIn.UnitTests", "tests\Dfe.PlanTech.Infrastructure.SignIn.UnitTests\Dfe.PlanTech.Infrastructure.SignIn.UnitTests.csproj", "{E14020A7-B71E-4850-B562-C734590F8C2F}"
EndProject
Project("{9A19103F-16F7-4668-BE54-9A1E7A4F7556}") = "Dfe.PlanTech.Infrastructure.Data", "src\Dfe.PlanTech.Infrastructure.Data\Dfe.PlanTech.Infrastructure.Data.csproj", "{98347BCE-5A8C-4B60-9661-D26CE35844E5}"
EndProject
Project("{FAE04EC0-301F-11D3-BF4B-00C04F79EFBC}") = "Dfe.PlanTech.UnitTests.Shared", "tests\Dfe.PlanTech.UnitTests.Shared\Dfe.PlanTech.UnitTests.Shared.csproj", "{5D0C8F71-DD08-43AE-8791-A488DBDE2DF7}"
EndProject
Project("{FAE04EC0-301F-11D3-BF4B-00C04F79EFBC}") = "Dfe.PlanTech.AzureFunctions", "src\Dfe.PlanTech.AzureFunctions\Dfe.PlanTech.AzureFunctions.csproj", "{71808DB3-6B0A-42C1-8B3A-26A8C2D24AAD}"
EndProject
Project("{FAE04EC0-301F-11D3-BF4B-00C04F79EFBC}") = "Dfe.PlanTech.AzureFunctions.UnitTests", "tests\Dfe.PlanTech.AzureFunctions.UnitTests\Dfe.PlanTech.AzureFunctions.UnitTests.csproj", "{2F75269D-834B-4E0A-BAD2-7ECAD359C56D}"
EndProject
Project("{FAE04EC0-301F-11D3-BF4B-00C04F79EFBC}") = "Dfe.PlanTech.Infrastructure.Data.UnitTests", "tests\Dfe.PlanTech.Infrastructure.Data.UnitTests\Dfe.PlanTech.Infrastructure.Data.UnitTests.csproj", "{B82ED911-FFCD-4EFF-BD9E-405394811F13}"
EndProject
Project("{FAE04EC0-301F-11D3-BF4B-00C04F79EFBC}") = "Dfe.PlanTech.CmsDbDataValidator", "tests\Dfe.PlanTech.CmsDbDataValidator\Dfe.PlanTech.CmsDbDataValidator.csproj", "{66E92A5E-5C8A-4245-A55F-087FE2D96EEF}"
EndProject
Project("{FAE04EC0-301F-11D3-BF4B-00C04F79EFBC}") = "Dfe.PlanTech.AzureFunctions.E2ETests", "tests\Dfe.PlanTech.AzureFunctions.E2ETests\Dfe.PlanTech.AzureFunctions.E2ETests.csproj", "{8BC36CE1-8BFF-4858-9665-E49A0E517770}"
EndProject
Global
	GlobalSection(SolutionConfigurationPlatforms) = preSolution
		Debug|Any CPU = Debug|Any CPU
		Release|Any CPU = Release|Any CPU
	EndGlobalSection
	GlobalSection(ProjectConfigurationPlatforms) = postSolution
		{8F225B88-DF70-4F37-9D2F-1A129A8308B8}.Debug|Any CPU.ActiveCfg = Debug|Any CPU
		{8F225B88-DF70-4F37-9D2F-1A129A8308B8}.Debug|Any CPU.Build.0 = Debug|Any CPU
		{8F225B88-DF70-4F37-9D2F-1A129A8308B8}.Release|Any CPU.ActiveCfg = Release|Any CPU
		{8F225B88-DF70-4F37-9D2F-1A129A8308B8}.Release|Any CPU.Build.0 = Release|Any CPU
		{F4755013-090F-4B63-B304-07F52EE96312}.Debug|Any CPU.ActiveCfg = Debug|Any CPU
		{F4755013-090F-4B63-B304-07F52EE96312}.Debug|Any CPU.Build.0 = Debug|Any CPU
		{F4755013-090F-4B63-B304-07F52EE96312}.Release|Any CPU.ActiveCfg = Release|Any CPU
		{F4755013-090F-4B63-B304-07F52EE96312}.Release|Any CPU.Build.0 = Release|Any CPU
		{DC6DE60C-2094-4A40-B62C-EC74BF27BDF1}.Debug|Any CPU.ActiveCfg = Debug|Any CPU
		{DC6DE60C-2094-4A40-B62C-EC74BF27BDF1}.Debug|Any CPU.Build.0 = Debug|Any CPU
		{DC6DE60C-2094-4A40-B62C-EC74BF27BDF1}.Release|Any CPU.ActiveCfg = Release|Any CPU
		{DC6DE60C-2094-4A40-B62C-EC74BF27BDF1}.Release|Any CPU.Build.0 = Release|Any CPU
		{875D2F0D-9DC8-434E-A4C8-FEDF0655EEA6}.Debug|Any CPU.ActiveCfg = Debug|Any CPU
		{875D2F0D-9DC8-434E-A4C8-FEDF0655EEA6}.Debug|Any CPU.Build.0 = Debug|Any CPU
		{875D2F0D-9DC8-434E-A4C8-FEDF0655EEA6}.Release|Any CPU.ActiveCfg = Release|Any CPU
		{875D2F0D-9DC8-434E-A4C8-FEDF0655EEA6}.Release|Any CPU.Build.0 = Release|Any CPU
		{88CB59E5-2DF4-40E6-BB64-27467CCEA9E0}.Debug|Any CPU.ActiveCfg = Debug|Any CPU
		{88CB59E5-2DF4-40E6-BB64-27467CCEA9E0}.Debug|Any CPU.Build.0 = Debug|Any CPU
		{88CB59E5-2DF4-40E6-BB64-27467CCEA9E0}.Release|Any CPU.ActiveCfg = Release|Any CPU
		{88CB59E5-2DF4-40E6-BB64-27467CCEA9E0}.Release|Any CPU.Build.0 = Release|Any CPU
		{26970D1F-CD18-4CE7-9F9A-76930B336202}.Debug|Any CPU.ActiveCfg = Debug|Any CPU
		{26970D1F-CD18-4CE7-9F9A-76930B336202}.Debug|Any CPU.Build.0 = Debug|Any CPU
		{26970D1F-CD18-4CE7-9F9A-76930B336202}.Release|Any CPU.ActiveCfg = Release|Any CPU
		{26970D1F-CD18-4CE7-9F9A-76930B336202}.Release|Any CPU.Build.0 = Release|Any CPU
		{E8C0EF01-5716-410C-A90D-DD5E4DCCDC3C}.Debug|Any CPU.ActiveCfg = Debug|Any CPU
		{E8C0EF01-5716-410C-A90D-DD5E4DCCDC3C}.Debug|Any CPU.Build.0 = Debug|Any CPU
		{E8C0EF01-5716-410C-A90D-DD5E4DCCDC3C}.Release|Any CPU.ActiveCfg = Release|Any CPU
		{E8C0EF01-5716-410C-A90D-DD5E4DCCDC3C}.Release|Any CPU.Build.0 = Release|Any CPU
		{20203658-B19C-4640-B2FA-68826D040D28}.Debug|Any CPU.ActiveCfg = Debug|Any CPU
		{20203658-B19C-4640-B2FA-68826D040D28}.Debug|Any CPU.Build.0 = Debug|Any CPU
		{20203658-B19C-4640-B2FA-68826D040D28}.Release|Any CPU.ActiveCfg = Release|Any CPU
		{20203658-B19C-4640-B2FA-68826D040D28}.Release|Any CPU.Build.0 = Release|Any CPU
		{E14020A7-B71E-4850-B562-C734590F8C2F}.Debug|Any CPU.ActiveCfg = Debug|Any CPU
		{E14020A7-B71E-4850-B562-C734590F8C2F}.Debug|Any CPU.Build.0 = Debug|Any CPU
		{E14020A7-B71E-4850-B562-C734590F8C2F}.Release|Any CPU.ActiveCfg = Release|Any CPU
		{E14020A7-B71E-4850-B562-C734590F8C2F}.Release|Any CPU.Build.0 = Release|Any CPU
		{98347BCE-5A8C-4B60-9661-D26CE35844E5}.Debug|Any CPU.ActiveCfg = Debug|Any CPU
		{98347BCE-5A8C-4B60-9661-D26CE35844E5}.Debug|Any CPU.Build.0 = Debug|Any CPU
		{98347BCE-5A8C-4B60-9661-D26CE35844E5}.Release|Any CPU.ActiveCfg = Release|Any CPU
		{98347BCE-5A8C-4B60-9661-D26CE35844E5}.Release|Any CPU.Build.0 = Release|Any CPU
		{5D0C8F71-DD08-43AE-8791-A488DBDE2DF7}.Debug|Any CPU.ActiveCfg = Debug|Any CPU
		{5D0C8F71-DD08-43AE-8791-A488DBDE2DF7}.Debug|Any CPU.Build.0 = Debug|Any CPU
		{5D0C8F71-DD08-43AE-8791-A488DBDE2DF7}.Release|Any CPU.ActiveCfg = Release|Any CPU
		{5D0C8F71-DD08-43AE-8791-A488DBDE2DF7}.Release|Any CPU.Build.0 = Release|Any CPU
		{71808DB3-6B0A-42C1-8B3A-26A8C2D24AAD}.Debug|Any CPU.ActiveCfg = Debug|Any CPU
		{71808DB3-6B0A-42C1-8B3A-26A8C2D24AAD}.Debug|Any CPU.Build.0 = Debug|Any CPU
		{71808DB3-6B0A-42C1-8B3A-26A8C2D24AAD}.Release|Any CPU.ActiveCfg = Release|Any CPU
		{71808DB3-6B0A-42C1-8B3A-26A8C2D24AAD}.Release|Any CPU.Build.0 = Release|Any CPU
		{2F75269D-834B-4E0A-BAD2-7ECAD359C56D}.Debug|Any CPU.ActiveCfg = Debug|Any CPU
		{2F75269D-834B-4E0A-BAD2-7ECAD359C56D}.Debug|Any CPU.Build.0 = Debug|Any CPU
		{2F75269D-834B-4E0A-BAD2-7ECAD359C56D}.Release|Any CPU.ActiveCfg = Release|Any CPU
		{2F75269D-834B-4E0A-BAD2-7ECAD359C56D}.Release|Any CPU.Build.0 = Release|Any CPU
		{B82ED911-FFCD-4EFF-BD9E-405394811F13}.Debug|Any CPU.ActiveCfg = Debug|Any CPU
		{B82ED911-FFCD-4EFF-BD9E-405394811F13}.Debug|Any CPU.Build.0 = Debug|Any CPU
		{B82ED911-FFCD-4EFF-BD9E-405394811F13}.Release|Any CPU.ActiveCfg = Release|Any CPU
		{B82ED911-FFCD-4EFF-BD9E-405394811F13}.Release|Any CPU.Build.0 = Release|Any CPU
		{66E92A5E-5C8A-4245-A55F-087FE2D96EEF}.Debug|Any CPU.ActiveCfg = Debug|Any CPU
		{66E92A5E-5C8A-4245-A55F-087FE2D96EEF}.Debug|Any CPU.Build.0 = Debug|Any CPU
		{66E92A5E-5C8A-4245-A55F-087FE2D96EEF}.Release|Any CPU.ActiveCfg = Release|Any CPU
		{66E92A5E-5C8A-4245-A55F-087FE2D96EEF}.Release|Any CPU.Build.0 = Release|Any CPU
		{8BC36CE1-8BFF-4858-9665-E49A0E517770}.Debug|Any CPU.ActiveCfg = Debug|Any CPU
		{8BC36CE1-8BFF-4858-9665-E49A0E517770}.Debug|Any CPU.Build.0 = Debug|Any CPU
		{8BC36CE1-8BFF-4858-9665-E49A0E517770}.Release|Any CPU.ActiveCfg = Release|Any CPU
		{8BC36CE1-8BFF-4858-9665-E49A0E517770}.Release|Any CPU.Build.0 = Release|Any CPU
	EndGlobalSection
	GlobalSection(SolutionProperties) = preSolution
		HideSolutionNode = FALSE
	EndGlobalSection
	GlobalSection(NestedProjects) = preSolution
		{8F225B88-DF70-4F37-9D2F-1A129A8308B8} = {20FD2D0C-81CA-4337-B00D-9CB0BB36FE46}
		{F4755013-090F-4B63-B304-07F52EE96312} = {20FD2D0C-81CA-4337-B00D-9CB0BB36FE46}
		{DC6DE60C-2094-4A40-B62C-EC74BF27BDF1} = {20FD2D0C-81CA-4337-B00D-9CB0BB36FE46}
		{875D2F0D-9DC8-434E-A4C8-FEDF0655EEA6} = {20FD2D0C-81CA-4337-B00D-9CB0BB36FE46}
		{88CB59E5-2DF4-40E6-BB64-27467CCEA9E0} = {33DA2E55-0921-4BEA-A7F4-96CC77F09928}
		{26970D1F-CD18-4CE7-9F9A-76930B336202} = {33DA2E55-0921-4BEA-A7F4-96CC77F09928}
		{E8C0EF01-5716-410C-A90D-DD5E4DCCDC3C} = {33DA2E55-0921-4BEA-A7F4-96CC77F09928}
		{20203658-B19C-4640-B2FA-68826D040D28} = {20FD2D0C-81CA-4337-B00D-9CB0BB36FE46}
		{E14020A7-B71E-4850-B562-C734590F8C2F} = {33DA2E55-0921-4BEA-A7F4-96CC77F09928}
		{98347BCE-5A8C-4B60-9661-D26CE35844E5} = {20FD2D0C-81CA-4337-B00D-9CB0BB36FE46}
		{5D0C8F71-DD08-43AE-8791-A488DBDE2DF7} = {33DA2E55-0921-4BEA-A7F4-96CC77F09928}
		{71808DB3-6B0A-42C1-8B3A-26A8C2D24AAD} = {20FD2D0C-81CA-4337-B00D-9CB0BB36FE46}
		{2F75269D-834B-4E0A-BAD2-7ECAD359C56D} = {33DA2E55-0921-4BEA-A7F4-96CC77F09928}
		{B82ED911-FFCD-4EFF-BD9E-405394811F13} = {33DA2E55-0921-4BEA-A7F4-96CC77F09928}
		{66E92A5E-5C8A-4245-A55F-087FE2D96EEF} = {33DA2E55-0921-4BEA-A7F4-96CC77F09928}
		{8BC36CE1-8BFF-4858-9665-E49A0E517770} = {33DA2E55-0921-4BEA-A7F4-96CC77F09928}
	EndGlobalSection
	GlobalSection(ExtensibilityGlobals) = postSolution
		SolutionGuid = {2661FAF0-D2EA-4265-846E-E6AB213C854C}
	EndGlobalSection
EndGlobal
