
Microsoft Visual Studio Solution File, Format Version 12.00
# 
Project("{FAE04EC0-301F-11D3-BF4B-00C04F79EFBC}") = "Sts.PlanTech.Web", "src\Sts.PlanTech.Web\Sts.PlanTech.Web.csproj", "{8F225B88-DF70-4F37-9D2F-1A129A8308B8}"
EndProject
Project("{2150E333-8FDC-42A3-9474-1A3956D46DE8}") = "src", "src", "{20FD2D0C-81CA-4337-B00D-9CB0BB36FE46}"
EndProject
Project("{FAE04EC0-301F-11D3-BF4B-00C04F79EFBC}") = "Sts.PlanTech.Infrastructure", "src\Sts.PlanTech.Infrastructure\Sts.PlanTech.Infrastructure.csproj", "{6D818081-5336-4FB3-95EE-5895D2436DD3}"
EndProject
Project("{FAE04EC0-301F-11D3-BF4B-00C04F79EFBC}") = "Sts.PlanTech.Infrastructure.Contentful", "src\Sts.PlanTech.Infrastructure.Contentful\Sts.PlanTech.Infrastructure.Contentful.csproj", "{F4755013-090F-4B63-B304-07F52EE96312}"
EndProject
Project("{FAE04EC0-301F-11D3-BF4B-00C04F79EFBC}") = "Sts.PlanTech.Domain", "src\Sts.PlanTech.Domain\Sts.PlanTech.Domain.csproj", "{DC6DE60C-2094-4A40-B62C-EC74BF27BDF1}"
EndProject
Project("{FAE04EC0-301F-11D3-BF4B-00C04F79EFBC}") = "Sts.PlanTech.Application", "src\Sts.PlanTech.Application\Sts.PlanTech.Application.csproj", "{875D2F0D-9DC8-434E-A4C8-FEDF0655EEA6}"
EndProject
Global
	GlobalSection(SolutionConfigurationPlatforms) = preSolution
		Debug|Any CPU = Debug|Any CPU
		Release|Any CPU = Release|Any CPU
	EndGlobalSection
	GlobalSection(ProjectConfigurationPlatforms) = postSolution
		{8F225B88-DF70-4F37-9D2F-1A129A8308B8}.Debug|Any CPU.ActiveCfg = Debug|Any CPU
		{8F225B88-DF70-4F37-9D2F-1A129A8308B8}.Debug|Any CPU.Build.0 = Debug|Any CPU
		{8F225B88-DF70-4F37-9D2F-1A129A8308B8}.Release|Any CPU.ActiveCfg = Release|Any CPU
		{8F225B88-DF70-4F37-9D2F-1A129A8308B8}.Release|Any CPU.Build.0 = Release|Any CPU
		{6D818081-5336-4FB3-95EE-5895D2436DD3}.Debug|Any CPU.ActiveCfg = Debug|Any CPU
		{6D818081-5336-4FB3-95EE-5895D2436DD3}.Debug|Any CPU.Build.0 = Debug|Any CPU
		{6D818081-5336-4FB3-95EE-5895D2436DD3}.Release|Any CPU.ActiveCfg = Release|Any CPU
		{6D818081-5336-4FB3-95EE-5895D2436DD3}.Release|Any CPU.Build.0 = Release|Any CPU
		{F4755013-090F-4B63-B304-07F52EE96312}.Debug|Any CPU.ActiveCfg = Debug|Any CPU
		{F4755013-090F-4B63-B304-07F52EE96312}.Debug|Any CPU.Build.0 = Debug|Any CPU
		{F4755013-090F-4B63-B304-07F52EE96312}.Release|Any CPU.ActiveCfg = Release|Any CPU
		{F4755013-090F-4B63-B304-07F52EE96312}.Release|Any CPU.Build.0 = Release|Any CPU
		{DC6DE60C-2094-4A40-B62C-EC74BF27BDF1}.Debug|Any CPU.ActiveCfg = Debug|Any CPU
		{DC6DE60C-2094-4A40-B62C-EC74BF27BDF1}.Debug|Any CPU.Build.0 = Debug|Any CPU
		{DC6DE60C-2094-4A40-B62C-EC74BF27BDF1}.Release|Any CPU.ActiveCfg = Release|Any CPU
		{DC6DE60C-2094-4A40-B62C-EC74BF27BDF1}.Release|Any CPU.Build.0 = Release|Any CPU
		{875D2F0D-9DC8-434E-A4C8-FEDF0655EEA6}.Debug|Any CPU.ActiveCfg = Debug|Any CPU
		{875D2F0D-9DC8-434E-A4C8-FEDF0655EEA6}.Debug|Any CPU.Build.0 = Debug|Any CPU
		{875D2F0D-9DC8-434E-A4C8-FEDF0655EEA6}.Release|Any CPU.ActiveCfg = Release|Any CPU
		{875D2F0D-9DC8-434E-A4C8-FEDF0655EEA6}.Release|Any CPU.Build.0 = Release|Any CPU
	EndGlobalSection
	GlobalSection(NestedProjects) = preSolution
		{6D818081-5336-4FB3-95EE-5895D2436DD3} = {20FD2D0C-81CA-4337-B00D-9CB0BB36FE46}
		{F4755013-090F-4B63-B304-07F52EE96312} = {20FD2D0C-81CA-4337-B00D-9CB0BB36FE46}
		{DC6DE60C-2094-4A40-B62C-EC74BF27BDF1} = {20FD2D0C-81CA-4337-B00D-9CB0BB36FE46}
		{875D2F0D-9DC8-434E-A4C8-FEDF0655EEA6} = {20FD2D0C-81CA-4337-B00D-9CB0BB36FE46}
	EndGlobalSection
EndGlobal
