
Microsoft Visual Studio Solution File, Format Version 12.00
# Visual Studio Version 17
VisualStudioVersion = 17.5.001.0
MinimumVisualStudioVersion = 10.0.40219.1
Project("{9A19103F-16F7-4668-BE54-9A1E7A4F7556}") = "Dfe.PlanTech.Web.UnitTests", "Dfe.PlanTech.Web.UnitTests.csproj", "{EF635F43-9EB2-4543-94BB-0E9BB5117FA5}"
EndProject
Global
	GlobalSection(SolutionConfigurationPlatforms) = preSolution
		Debug|Any CPU = Debug|Any CPU
		Release|Any CPU = Release|Any CPU
	EndGlobalSection
	GlobalSection(ProjectConfigurationPlatforms) = postSolution
		{EF635F43-9EB2-4543-94BB-0E9BB5117FA5}.Debug|Any CPU.ActiveCfg = Debug|Any CPU
		{EF635F43-9EB2-4543-94BB-0E9BB5117FA5}.Debug|Any CPU.Build.0 = Debug|Any CPU
		{EF635F43-9EB2-4543-94BB-0E9BB5117FA5}.Release|Any CPU.ActiveCfg = Release|Any CPU
		{EF635F43-9EB2-4543-94BB-0E9BB5117FA5}.Release|Any CPU.Build.0 = Release|Any CPU
	EndGlobalSection
	GlobalSection(SolutionProperties) = preSolution
		HideSolutionNode = FALSE
	EndGlobalSection
	GlobalSection(ExtensibilityGlobals) = postSolution
		SolutionGuid = {75E9B733-1FD4-428B-8A50-8D472C8A4F1F}
	EndGlobalSection
EndGlobal
