
Microsoft Visual Studio Solution File, Format Version 12.00
# Visual Studio Version 17
VisualStudioVersion = 17.5.002.0
MinimumVisualStudioVersion = 10.0.40219.1
Project("{9A19103F-16F7-4668-BE54-9A1E7A4F7556}") = "Dfe.PlanTech.DatabaseUpgrader", "./Dfe.PlanTech.DatabaseUpgrader.csproj", "{BD259BB3-A036-4E2F-A825-3362FB81F216}"
EndProject
Global
	GlobalSection(SolutionConfigurationPlatforms) = preSolution
		Debug|Any CPU = Debug|Any CPU
		Release|Any CPU = Release|Any CPU
	EndGlobalSection
	GlobalSection(ProjectConfigurationPlatforms) = postSolution
		{BD259BB3-A036-4E2F-A825-3362FB81F216}.Debug|Any CPU.ActiveCfg = Debug|Any CPU
		{BD259BB3-A036-4E2F-A825-3362FB81F216}.Debug|Any CPU.Build.0 = Debug|Any CPU
		{BD259BB3-A036-4E2F-A825-3362FB81F216}.Release|Any CPU.ActiveCfg = Release|Any CPU
		{BD259BB3-A036-4E2F-A825-3362FB81F216}.Release|Any CPU.Build.0 = Release|Any CPU
	EndGlobalSection
	GlobalSection(SolutionProperties) = preSolution
		HideSolutionNode = FALSE
	EndGlobalSection
	GlobalSection(ExtensibilityGlobals) = postSolution
		SolutionGuid = {740DCD60-CE23-46C2-95E8-10CC6050DAA3}
	EndGlobalSection
EndGlobal
